// !$*UTF8*$!
{
	archiveVersion = 1;
	classes = {
	};
	objectVersion = 50;
	objects = {

/* Begin PBXBuildFile section */
		25528EDB2128106A006092EE /* AppDelegate.swift in Sources */ = {isa = PBXBuildFile; fileRef = 25528EDA2128106A006092EE /* AppDelegate.swift */; };
		25528EDD2128106A006092EE /* ViewController.swift in Sources */ = {isa = PBXBuildFile; fileRef = 25528EDC2128106A006092EE /* ViewController.swift */; };
		25528EE02128106A006092EE /* Main.storyboard in Resources */ = {isa = PBXBuildFile; fileRef = 25528EDE2128106A006092EE /* Main.storyboard */; };
		25528EE22128106C006092EE /* Assets.xcassets in Resources */ = {isa = PBXBuildFile; fileRef = 25528EE12128106C006092EE /* Assets.xcassets */; };
		25528EE52128106C006092EE /* LaunchScreen.storyboard in Resources */ = {isa = PBXBuildFile; fileRef = 25528EE32128106C006092EE /* LaunchScreen.storyboard */; };
		25528EF02128106C006092EE /* Times_TablesTests.swift in Sources */ = {isa = PBXBuildFile; fileRef = 25528EEF2128106C006092EE /* Times_TablesTests.swift */; };
		25528EFB2128106C006092EE /* Times_TablesUITests.swift in Sources */ = {isa = PBXBuildFile; fileRef = 25528EFA2128106C006092EE /* Times_TablesUITests.swift */; };
		25528F0921281536006092EE /* TimesTables.png in Resources */ = {isa = PBXBuildFile; fileRef = 25528F0821281535006092EE /* TimesTables.png */; };
		25528F0B2128155B006092EE /* README.md in Resources */ = {isa = PBXBuildFile; fileRef = 25528F0A2128155B006092EE /* README.md */; };
/* End PBXBuildFile section */

/* Begin PBXContainerItemProxy section */
		25528EEC2128106C006092EE /* PBXContainerItemProxy */ = {
			isa = PBXContainerItemProxy;
			containerPortal = 25528ECF21281069006092EE /* Project object */;
			proxyType = 1;
			remoteGlobalIDString = 25528ED62128106A006092EE;
			remoteInfo = "Times Tables";
		};
		25528EF72128106C006092EE /* PBXContainerItemProxy */ = {
			isa = PBXContainerItemProxy;
			containerPortal = 25528ECF21281069006092EE /* Project object */;
			proxyType = 1;
			remoteGlobalIDString = 25528ED62128106A006092EE;
			remoteInfo = "Times Tables";
		};
/* End PBXContainerItemProxy section */

/* Begin PBXFileReference section */
		25528ED72128106A006092EE /* Times Tables.app */ = {isa = PBXFileReference; explicitFileType = wrapper.application; includeInIndex = 0; path = "Times Tables.app"; sourceTree = BUILT_PRODUCTS_DIR; };
		25528EDA2128106A006092EE /* AppDelegate.swift */ = {isa = PBXFileReference; lastKnownFileType = sourcecode.swift; path = AppDelegate.swift; sourceTree = "<group>"; };
		25528EDC2128106A006092EE /* ViewController.swift */ = {isa = PBXFileReference; lastKnownFileType = sourcecode.swift; path = ViewController.swift; sourceTree = "<group>"; };
		25528EDF2128106A006092EE /* Base */ = {isa = PBXFileReference; lastKnownFileType = file.storyboard; name = Base; path = Base.lproj/Main.storyboard; sourceTree = "<group>"; };
		25528EE12128106C006092EE /* Assets.xcassets */ = {isa = PBXFileReference; lastKnownFileType = folder.assetcatalog; path = Assets.xcassets; sourceTree = "<group>"; };
		25528EE42128106C006092EE /* Base */ = {isa = PBXFileReference; lastKnownFileType = file.storyboard; name = Base; path = Base.lproj/LaunchScreen.storyboard; sourceTree = "<group>"; };
		25528EE62128106C006092EE /* Info.plist */ = {isa = PBXFileReference; lastKnownFileType = text.plist.xml; path = Info.plist; sourceTree = "<group>"; };
		25528EEB2128106C006092EE /* Times TablesTests.xctest */ = {isa = PBXFileReference; explicitFileType = wrapper.cfbundle; includeInIndex = 0; path = "Times TablesTests.xctest"; sourceTree = BUILT_PRODUCTS_DIR; };
		25528EEF2128106C006092EE /* Times_TablesTests.swift */ = {isa = PBXFileReference; lastKnownFileType = sourcecode.swift; path = Times_TablesTests.swift; sourceTree = "<group>"; };
		25528EF12128106C006092EE /* Info.plist */ = {isa = PBXFileReference; lastKnownFileType = text.plist.xml; path = Info.plist; sourceTree = "<group>"; };
		25528EF62128106C006092EE /* Times TablesUITests.xctest */ = {isa = PBXFileReference; explicitFileType = wrapper.cfbundle; includeInIndex = 0; path = "Times TablesUITests.xctest"; sourceTree = BUILT_PRODUCTS_DIR; };
		25528EFA2128106C006092EE /* Times_TablesUITests.swift */ = {isa = PBXFileReference; lastKnownFileType = sourcecode.swift; path = Times_TablesUITests.swift; sourceTree = "<group>"; };
		25528EFC2128106C006092EE /* Info.plist */ = {isa = PBXFileReference; lastKnownFileType = text.plist.xml; path = Info.plist; sourceTree = "<group>"; };
		25528F0821281535006092EE /* TimesTables.png */ = {isa = PBXFileReference; lastKnownFileType = image.png; path = TimesTables.png; sourceTree = "<group>"; };
		25528F0A2128155B006092EE /* README.md */ = {isa = PBXFileReference; fileEncoding = 4; lastKnownFileType = net.daringfireball.markdown; path = README.md; sourceTree = "<group>"; };
/* End PBXFileReference section */

/* Begin PBXFrameworksBuildPhase section */
		25528ED42128106A006092EE /* Frameworks */ = {
			isa = PBXFrameworksBuildPhase;
			buildActionMask = 2147483647;
			files = (
			);
			runOnlyForDeploymentPostprocessing = 0;
		};
		25528EE82128106C006092EE /* Frameworks */ = {
			isa = PBXFrameworksBuildPhase;
			buildActionMask = 2147483647;
			files = (
			);
			runOnlyForDeploymentPostprocessing = 0;
		};
		25528EF32128106C006092EE /* Frameworks */ = {
			isa = PBXFrameworksBuildPhase;
			buildActionMask = 2147483647;
			files = (
			);
			runOnlyForDeploymentPostprocessing = 0;
		};
/* End PBXFrameworksBuildPhase section */

/* Begin PBXGroup section */
		25528ECE21281069006092EE = {
			isa = PBXGroup;
			children = (
				25528F0A2128155B006092EE /* README.md */,
				25528F0821281535006092EE /* TimesTables.png */,
				25528ED92128106A006092EE /* Times Tables */,
				25528EEE2128106C006092EE /* Times TablesTests */,
				25528EF92128106C006092EE /* Times TablesUITests */,
				25528ED82128106A006092EE /* Products */,
			);
			sourceTree = "<group>";
		};
		25528ED82128106A006092EE /* Products */ = {
			isa = PBXGroup;
			children = (
				25528ED72128106A006092EE /* Times Tables.app */,
				25528EEB2128106C006092EE /* Times TablesTests.xctest */,
				25528EF62128106C006092EE /* Times TablesUITests.xctest */,
			);
			name = Products;
			sourceTree = "<group>";
		};
		25528ED92128106A006092EE /* Times Tables */ = {
			isa = PBXGroup;
			children = (
				25528EDA2128106A006092EE /* AppDelegate.swift */,
				25528EDC2128106A006092EE /* ViewController.swift */,
				25528EDE2128106A006092EE /* Main.storyboard */,
				25528EE12128106C006092EE /* Assets.xcassets */,
				25528EE32128106C006092EE /* LaunchScreen.storyboard */,
				25528EE62128106C006092EE /* Info.plist */,
			);
			path = "Times Tables";
			sourceTree = "<group>";
		};
		25528EEE2128106C006092EE /* Times TablesTests */ = {
			isa = PBXGroup;
			children = (
				25528EEF2128106C006092EE /* Times_TablesTests.swift */,
				25528EF12128106C006092EE /* Info.plist */,
			);
			path = "Times TablesTests";
			sourceTree = "<group>";
		};
		25528EF92128106C006092EE /* Times TablesUITests */ = {
			isa = PBXGroup;
			children = (
				25528EFA2128106C006092EE /* Times_TablesUITests.swift */,
				25528EFC2128106C006092EE /* Info.plist */,
			);
			path = "Times TablesUITests";
			sourceTree = "<group>";
		};
/* End PBXGroup section */

/* Begin PBXNativeTarget section */
		25528ED62128106A006092EE /* Times Tables */ = {
			isa = PBXNativeTarget;
			buildConfigurationList = 25528EFF2128106C006092EE /* Build configuration list for PBXNativeTarget "Times Tables" */;
			buildPhases = (
				25528ED32128106A006092EE /* Sources */,
				25528ED42128106A006092EE /* Frameworks */,
				25528ED52128106A006092EE /* Resources */,
			);
			buildRules = (
			);
			dependencies = (
			);
			name = "Times Tables";
			productName = "Times Tables";
			productReference = 25528ED72128106A006092EE /* Times Tables.app */;
			productType = "com.apple.product-type.application";
		};
		25528EEA2128106C006092EE /* Times TablesTests */ = {
			isa = PBXNativeTarget;
			buildConfigurationList = 25528F022128106C006092EE /* Build configuration list for PBXNativeTarget "Times TablesTests" */;
			buildPhases = (
				25528EE72128106C006092EE /* Sources */,
				25528EE82128106C006092EE /* Frameworks */,
				25528EE92128106C006092EE /* Resources */,
			);
			buildRules = (
			);
			dependencies = (
				25528EED2128106C006092EE /* PBXTargetDependency */,
			);
			name = "Times TablesTests";
			productName = "Times TablesTests";
			productReference = 25528EEB2128106C006092EE /* Times TablesTests.xctest */;
			productType = "com.apple.product-type.bundle.unit-test";
		};
		25528EF52128106C006092EE /* Times TablesUITests */ = {
			isa = PBXNativeTarget;
			buildConfigurationList = 25528F052128106C006092EE /* Build configuration list for PBXNativeTarget "Times TablesUITests" */;
			buildPhases = (
				25528EF22128106C006092EE /* Sources */,
				25528EF32128106C006092EE /* Frameworks */,
				25528EF42128106C006092EE /* Resources */,
			);
			buildRules = (
			);
			dependencies = (
				25528EF82128106C006092EE /* PBXTargetDependency */,
			);
			name = "Times TablesUITests";
			productName = "Times TablesUITests";
			productReference = 25528EF62128106C006092EE /* Times TablesUITests.xctest */;
			productType = "com.apple.product-type.bundle.ui-testing";
		};
/* End PBXNativeTarget section */

/* Begin PBXProject section */
		25528ECF21281069006092EE /* Project object */ = {
			isa = PBXProject;
			attributes = {
				LastSwiftUpdateCheck = 0940;
				LastUpgradeCheck = 0940;
				ORGANIZATIONNAME = dhanhost;
				TargetAttributes = {
					25528ED62128106A006092EE = {
						CreatedOnToolsVersion = 9.4.1;
					};
					25528EEA2128106C006092EE = {
						CreatedOnToolsVersion = 9.4.1;
						TestTargetID = 25528ED62128106A006092EE;
					};
					25528EF52128106C006092EE = {
						CreatedOnToolsVersion = 9.4.1;
						TestTargetID = 25528ED62128106A006092EE;
					};
				};
			};
			buildConfigurationList = 25528ED221281069006092EE /* Build configuration list for PBXProject "Times Tables" */;
			compatibilityVersion = "Xcode 9.3";
			developmentRegion = en;
			hasScannedForEncodings = 0;
			knownRegions = (
				en,
				Base,
			);
			mainGroup = 25528ECE21281069006092EE;
			productRefGroup = 25528ED82128106A006092EE /* Products */;
			projectDirPath = "";
			projectRoot = "";
			targets = (
				25528ED62128106A006092EE /* Times Tables */,
				25528EEA2128106C006092EE /* Times TablesTests */,
				25528EF52128106C006092EE /* Times TablesUITests */,
			);
		};
/* End PBXProject section */

/* Begin PBXResourcesBuildPhase section */
		25528ED52128106A006092EE /* Resources */ = {
			isa = PBXResourcesBuildPhase;
			buildActionMask = 2147483647;
			files = (
				25528EE52128106C006092EE /* LaunchScreen.storyboard in Resources */,
				25528EE22128106C006092EE /* Assets.xcassets in Resources */,
				25528F0B2128155B006092EE /* README.md in Resources */,
				25528EE02128106A006092EE /* Main.storyboard in Resources */,
				25528F0921281536006092EE /* TimesTables.png in Resources */,
			);
			runOnlyForDeploymentPostprocessing = 0;
		};
		25528EE92128106C006092EE /* Resources */ = {
			isa = PBXResourcesBuildPhase;
			buildActionMask = 2147483647;
			files = (
			);
			runOnlyForDeploymentPostprocessing = 0;
		};
		25528EF42128106C006092EE /* Resources */ = {
			isa = PBXResourcesBuildPhase;
			buildActionMask = 2147483647;
			files = (
			);
			runOnlyForDeploymentPostprocessing = 0;
		};
/* End PBXResourcesBuildPhase section */

/* Begin PBXSourcesBuildPhase section */
		25528ED32128106A006092EE /* Sources */ = {
			isa = PBXSourcesBuildPhase;
			buildActionMask = 2147483647;
			files = (
				25528EDD2128106A006092EE /* ViewController.swift in Sources */,
				25528EDB2128106A006092EE /* AppDelegate.swift in Sources */,
			);
			runOnlyForDeploymentPostprocessing = 0;
		};
		25528EE72128106C006092EE /* Sources */ = {
			isa = PBXSourcesBuildPhase;
			buildActionMask = 2147483647;
			files = (
				25528EF02128106C006092EE /* Times_TablesTests.swift in Sources */,
			);
			runOnlyForDeploymentPostprocessing = 0;
		};
		25528EF22128106C006092EE /* Sources */ = {
			isa = PBXSourcesBuildPhase;
			buildActionMask = 2147483647;
			files = (
				25528EFB2128106C006092EE /* Times_TablesUITests.swift in Sources */,
			);
			runOnlyForDeploymentPostprocessing = 0;
		};
/* End PBXSourcesBuildPhase section */

/* Begin PBXTargetDependency section */
		25528EED2128106C006092EE /* PBXTargetDependency */ = {
			isa = PBXTargetDependency;
			target = 25528ED62128106A006092EE /* Times Tables */;
			targetProxy = 25528EEC2128106C006092EE /* PBXContainerItemProxy */;
		};
		25528EF82128106C006092EE /* PBXTargetDependency */ = {
			isa = PBXTargetDependency;
			target = 25528ED62128106A006092EE /* Times Tables */;
			targetProxy = 25528EF72128106C006092EE /* PBXContainerItemProxy */;
		};
/* End PBXTargetDependency section */

/* Begin PBXVariantGroup section */
		25528EDE2128106A006092EE /* Main.storyboard */ = {
			isa = PBXVariantGroup;
			children = (
				25528EDF2128106A006092EE /* Base */,
			);
			name = Main.storyboard;
			sourceTree = "<group>";
		};
		25528EE32128106C006092EE /* LaunchScreen.storyboard */ = {
			isa = PBXVariantGroup;
			children = (
				25528EE42128106C006092EE /* Base */,
			);
			name = LaunchScreen.storyboard;
			sourceTree = "<group>";
		};
/* End PBXVariantGroup section */

/* Begin XCBuildConfiguration section */
		25528EFD2128106C006092EE /* Debug */ = {
			isa = XCBuildConfiguration;
			buildSettings = {
				ALWAYS_SEARCH_USER_PATHS = NO;
				CLANG_ANALYZER_NONNULL = YES;
				CLANG_ANALYZER_NUMBER_OBJECT_CONVERSION = YES_AGGRESSIVE;
				CLANG_CXX_LANGUAGE_STANDARD = "gnu++14";
				CLANG_CXX_LIBRARY = "libc++";
				CLANG_ENABLE_MODULES = YES;
				CLANG_ENABLE_OBJC_ARC = YES;
				CLANG_ENABLE_OBJC_WEAK = YES;
				CLANG_WARN_BLOCK_CAPTURE_AUTORELEASING = YES;
				CLANG_WARN_BOOL_CONVERSION = YES;
				CLANG_WARN_COMMA = YES;
				CLANG_WARN_CONSTANT_CONVERSION = YES;
				CLANG_WARN_DEPRECATED_OBJC_IMPLEMENTATIONS = YES;
				CLANG_WARN_DIRECT_OBJC_ISA_USAGE = YES_ERROR;
				CLANG_WARN_DOCUMENTATION_COMMENTS = YES;
				CLANG_WARN_EMPTY_BODY = YES;
				CLANG_WARN_ENUM_CONVERSION = YES;
				CLANG_WARN_INFINITE_RECURSION = YES;
				CLANG_WARN_INT_CONVERSION = YES;
				CLANG_WARN_NON_LITERAL_NULL_CONVERSION = YES;
				CLANG_WARN_OBJC_IMPLICIT_RETAIN_SELF = YES;
				CLANG_WARN_OBJC_LITERAL_CONVERSION = YES;
				CLANG_WARN_OBJC_ROOT_CLASS = YES_ERROR;
				CLANG_WARN_RANGE_LOOP_ANALYSIS = YES;
				CLANG_WARN_STRICT_PROTOTYPES = YES;
				CLANG_WARN_SUSPICIOUS_MOVE = YES;
				CLANG_WARN_UNGUARDED_AVAILABILITY = YES_AGGRESSIVE;
				CLANG_WARN_UNREACHABLE_CODE = YES;
				CLANG_WARN__DUPLICATE_METHOD_MATCH = YES;
				CODE_SIGN_IDENTITY = "iPhone Developer";
				COPY_PHASE_STRIP = NO;
				DEBUG_INFORMATION_FORMAT = dwarf;
				ENABLE_STRICT_OBJC_MSGSEND = YES;
				ENABLE_TESTABILITY = YES;
				GCC_C_LANGUAGE_STANDARD = gnu11;
				GCC_DYNAMIC_NO_PIC = NO;
				GCC_NO_COMMON_BLOCKS = YES;
				GCC_OPTIMIZATION_LEVEL = 0;
				GCC_PREPROCESSOR_DEFINITIONS = (
					"DEBUG=1",
					"$(inherited)",
				);
				GCC_WARN_64_TO_32_BIT_CONVERSION = YES;
				GCC_WARN_ABOUT_RETURN_TYPE = YES_ERROR;
				GCC_WARN_UNDECLARED_SELECTOR = YES;
				GCC_WARN_UNINITIALIZED_AUTOS = YES_AGGRESSIVE;
				GCC_WARN_UNUSED_FUNCTION = YES;
				GCC_WARN_UNUSED_VARIABLE = YES;
				IPHONEOS_DEPLOYMENT_TARGET = 11.4;
				MTL_ENABLE_DEBUG_INFO = YES;
				ONLY_ACTIVE_ARCH = YES;
				SDKROOT = iphoneos;
				SWIFT_ACTIVE_COMPILATION_CONDITIONS = DEBUG;
				SWIFT_OPTIMIZATION_LEVEL = "-Onone";
			};
			name = Debug;
		};
		25528EFE2128106C006092EE /* Release */ = {
			isa = XCBuildConfiguration;
			buildSettings = {
				ALWAYS_SEARCH_USER_PATHS = NO;
				CLANG_ANALYZER_NONNULL = YES;
				CLANG_ANALYZER_NUMBER_OBJECT_CONVERSION = YES_AGGRESSIVE;
				CLANG_CXX_LANGUAGE_STANDARD = "gnu++14";
				CLANG_CXX_LIBRARY = "libc++";
				CLANG_ENABLE_MODULES = YES;
				CLANG_ENABLE_OBJC_ARC = YES;
				CLANG_ENABLE_OBJC_WEAK = YES;
				CLANG_WARN_BLOCK_CAPTURE_AUTORELEASING = YES;
				CLANG_WARN_BOOL_CONVERSION = YES;
				CLANG_WARN_COMMA = YES;
				CLANG_WARN_CONSTANT_CONVERSION = YES;
				CLANG_WARN_DEPRECATED_OBJC_IMPLEMENTATIONS = YES;
				CLANG_WARN_DIRECT_OBJC_ISA_USAGE = YES_ERROR;
				CLANG_WARN_DOCUMENTATION_COMMENTS = YES;
				CLANG_WARN_EMPTY_BODY = YES;
				CLANG_WARN_ENUM_CONVERSION = YES;
				CLANG_WARN_INFINITE_RECURSION = YES;
				CLANG_WARN_INT_CONVERSION = YES;
				CLANG_WARN_NON_LITERAL_NULL_CONVERSION = YES;
				CLANG_WARN_OBJC_IMPLICIT_RETAIN_SELF = YES;
				CLANG_WARN_OBJC_LITERAL_CONVERSION = YES;
				CLANG_WARN_OBJC_ROOT_CLASS = YES_ERROR;
				CLANG_WARN_RANGE_LOOP_ANALYSIS = YES;
				CLANG_WARN_STRICT_PROTOTYPES = YES;
				CLANG_WARN_SUSPICIOUS_MOVE = YES;
				CLANG_WARN_UNGUARDED_AVAILABILITY = YES_AGGRESSIVE;
				CLANG_WARN_UNREACHABLE_CODE = YES;
				CLANG_WARN__DUPLICATE_METHOD_MATCH = YES;
				CODE_SIGN_IDENTITY = "iPhone Developer";
				COPY_PHASE_STRIP = NO;
				DEBUG_INFORMATION_FORMAT = "dwarf-with-dsym";
				ENABLE_NS_ASSERTIONS = NO;
				ENABLE_STRICT_OBJC_MSGSEND = YES;
				GCC_C_LANGUAGE_STANDARD = gnu11;
				GCC_NO_COMMON_BLOCKS = YES;
				GCC_WARN_64_TO_32_BIT_CONVERSION = YES;
				GCC_WARN_ABOUT_RETURN_TYPE = YES_ERROR;
				GCC_WARN_UNDECLARED_SELECTOR = YES;
				GCC_WARN_UNINITIALIZED_AUTOS = YES_AGGRESSIVE;
				GCC_WARN_UNUSED_FUNCTION = YES;
				GCC_WARN_UNUSED_VARIABLE = YES;
				IPHONEOS_DEPLOYMENT_TARGET = 11.4;
				MTL_ENABLE_DEBUG_INFO = NO;
				SDKROOT = iphoneos;
				SWIFT_COMPILATION_MODE = wholemodule;
				SWIFT_OPTIMIZATION_LEVEL = "-O";
				VALIDATE_PRODUCT = YES;
			};
			name = Release;
		};
		25528F002128106C006092EE /* Debug */ = {
			isa = XCBuildConfiguration;
			buildSettings = {
				ASSETCATALOG_COMPILER_APPICON_NAME = AppIcon;
				CODE_SIGN_STYLE = Automatic;
				INFOPLIST_FILE = "Times Tables/Info.plist";
				LD_RUNPATH_SEARCH_PATHS = (
					"$(inherited)",
					"@executable_path/Frameworks",
				);
				PRODUCT_BUNDLE_IDENTIFIER = "com.dhanhost.Times-Tables";
				PRODUCT_NAME = "$(TARGET_NAME)";
				SWIFT_VERSION = 4.0;
				TARGETED_DEVICE_FAMILY = "1,2";
			};
			name = Debug;
		};
		25528F012128106C006092EE /* Release */ = {
			isa = XCBuildConfiguration;
			buildSettings = {
				ASSETCATALOG_COMPILER_APPICON_NAME = AppIcon;
				CODE_SIGN_STYLE = Automatic;
				INFOPLIST_FILE = "Times Tables/Info.plist";
				LD_RUNPATH_SEARCH_PATHS = (
					"$(inherited)",
					"@executable_path/Frameworks",
				);
				PRODUCT_BUNDLE_IDENTIFIER = "com.dhanhost.Times-Tables";
				PRODUCT_NAME = "$(TARGET_NAME)";
				SWIFT_VERSION = 4.0;
				TARGETED_DEVICE_FAMILY = "1,2";
			};
			name = Release;
		};
		25528F032128106C006092EE /* Debug */ = {
			isa = XCBuildConfiguration;
			buildSettings = {
				ALWAYS_EMBED_SWIFT_STANDARD_LIBRARIES = YES;
				BUNDLE_LOADER = "$(TEST_HOST)";
				CODE_SIGN_STYLE = Automatic;
				INFOPLIST_FILE = "Times TablesTests/Info.plist";
				LD_RUNPATH_SEARCH_PATHS = (
					"$(inherited)",
					"@executable_path/Frameworks",
					"@loader_path/Frameworks",
				);
				PRODUCT_BUNDLE_IDENTIFIER = "com.dhanhost.Times-TablesTests";
				PRODUCT_NAME = "$(TARGET_NAME)";
				SWIFT_VERSION = 4.0;
				TARGETED_DEVICE_FAMILY = "1,2";
				TEST_HOST = "$(BUILT_PRODUCTS_DIR)/Times Tables.app/Times Tables";
			};
			name = Debug;
		};
		25528F042128106C006092EE /* Release */ = {
			isa = XCBuildConfiguration;
			buildSettings = {
				ALWAYS_EMBED_SWIFT_STANDARD_LIBRARIES = YES;
				BUNDLE_LOADER = "$(TEST_HOST)";
				CODE_SIGN_STYLE = Automatic;
				INFOPLIST_FILE = "Times TablesTests/Info.plist";
				LD_RUNPATH_SEARCH_PATHS = (
					"$(inherited)",
					"@executable_path/Frameworks",
					"@loader_path/Frameworks",
				);
				PRODUCT_BUNDLE_IDENTIFIER = "com.dhanhost.Times-TablesTests";
				PRODUCT_NAME = "$(TARGET_NAME)";
				SWIFT_VERSION = 4.0;
				TARGETED_DEVICE_FAMILY = "1,2";
				TEST_HOST = "$(BUILT_PRODUCTS_DIR)/Times Tables.app/Times Tables";
			};
			name = Release;
		};
		25528F062128106C006092EE /* Debug */ = {
			isa = XCBuildConfiguration;
			buildSettings = {
				ALWAYS_EMBED_SWIFT_STANDARD_LIBRARIES = YES;
				CODE_SIGN_STYLE = Automatic;
				INFOPLIST_FILE = "Times TablesUITests/Info.plist";
				LD_RUNPATH_SEARCH_PATHS = (
					"$(inherited)",
					"@executable_path/Frameworks",
					"@loader_path/Frameworks",
				);
				PRODUCT_BUNDLE_IDENTIFIER = "com.dhanhost.Times-TablesUITests";
				PRODUCT_NAME = "$(TARGET_NAME)";
				SWIFT_VERSION = 4.0;
				TARGETED_DEVICE_FAMILY = "1,2";
				TEST_TARGET_NAME = "Times Tables";
			};
			name = Debug;
		};
		25528F072128106C006092EE /* Release */ = {
			isa = XCBuildConfiguration;
			buildSettings = {
				ALWAYS_EMBED_SWIFT_STANDARD_LIBRARIES = YES;
				CODE_SIGN_STYLE = Automatic;
				INFOPLIST_FILE = "Times TablesUITests/Info.plist";
				LD_RUNPATH_SEARCH_PATHS = (
					"$(inherited)",
					"@executable_path/Frameworks",
					"@loader_path/Frameworks",
				);
				PRODUCT_BUNDLE_IDENTIFIER = "com.dhanhost.Times-TablesUITests";
				PRODUCT_NAME = "$(TARGET_NAME)";
				SWIFT_VERSION = 4.0;
				TARGETED_DEVICE_FAMILY = "1,2";
				TEST_TARGET_NAME = "Times Tables";
			};
			name = Release;
		};
/* End XCBuildConfiguration section */

/* Begin XCConfigurationList section */
		25528ED221281069006092EE /* Build configuration list for PBXProject "Times Tables" */ = {
			isa = XCConfigurationList;
			buildConfigurations = (
				25528EFD2128106C006092EE /* Debug */,
				25528EFE2128106C006092EE /* Release */,
			);
			defaultConfigurationIsVisible = 0;
			defaultConfigurationName = Release;
		};
		25528EFF2128106C006092EE /* Build configuration list for PBXNativeTarget "Times Tables" */ = {
			isa = XCConfigurationList;
			buildConfigurations = (
				25528F002128106C006092EE /* Debug */,
				25528F012128106C006092EE /* Release */,
			);
			defaultConfigurationIsVisible = 0;
			defaultConfigurationName = Release;
		};
		25528F022128106C006092EE /* Build configuration list for PBXNativeTarget "Times TablesTests" */ = {
			isa = XCConfigurationList;
			buildConfigurations = (
				25528F032128106C006092EE /* Debug */,
				25528F042128106C006092EE /* Release */,
			);
			defaultConfigurationIsVisible = 0;
			defaultConfigurationName = Release;
		};
		25528F052128106C006092EE /* Build configuration list for PBXNativeTarget "Times TablesUITests" */ = {
			isa = XCConfigurationList;
			buildConfigurations = (
				25528F062128106C006092EE /* Debug */,
				25528F072128106C006092EE /* Release */,
			);
			defaultConfigurationIsVisible = 0;
			defaultConfigurationName = Release;
		};
/* End XCConfigurationList section */
	};
	rootObject = 25528ECF21281069006092EE /* Project object */;
}
